// !$*UTF8*$!
{
	archiveVersion = 1;
	classes = {
	};
	objectVersion = 46;
	objects = {

/* Begin PBXBuildFile section */
		0A72235A15DE28C04634429A /* libPods-ZDWebViewControllerDemo.a in Frameworks */ = {isa = PBXBuildFile; fileRef = 13B9E19D76656E772F499D1A /* libPods-ZDWebViewControllerDemo.a */; };
		7DABE4B7CE7F405A72890AB2 /* libPods-ZDWebViewControllerDemoUITests.a in Frameworks */ = {isa = PBXBuildFile; fileRef = 0C3F920D20CA3BE6E835379A /* libPods-ZDWebViewControllerDemoUITests.a */; };
		9C4292296B1C5CA71BB179CE /* libPods-ZDWebViewControllerDemoTests.a in Frameworks */ = {isa = PBXBuildFile; fileRef = E7557DD1D33D240C0717B743 /* libPods-ZDWebViewControllerDemoTests.a */; };
		BC25EAB11E7B9A210019E539 /* ZDWebViewController.podspec in Resources */ = {isa = PBXBuildFile; fileRef = BC25EAB01E7B9A210019E539 /* ZDWebViewController.podspec */; };
		BCE781721E766DAE00AF4411 /* main.m in Sources */ = {isa = PBXBuildFile; fileRef = BCE781711E766DAE00AF4411 /* main.m */; };
		BCE781751E766DAE00AF4411 /* AppDelegate.m in Sources */ = {isa = PBXBuildFile; fileRef = BCE781741E766DAE00AF4411 /* AppDelegate.m */; };
		BCE781781E766DAE00AF4411 /* ViewController.m in Sources */ = {isa = PBXBuildFile; fileRef = BCE781771E766DAE00AF4411 /* ViewController.m */; };
		BCE7817B1E766DAE00AF4411 /* Main.storyboard in Resources */ = {isa = PBXBuildFile; fileRef = BCE781791E766DAE00AF4411 /* Main.storyboard */; };
		BCE7817D1E766DAE00AF4411 /* Assets.xcassets in Resources */ = {isa = PBXBuildFile; fileRef = BCE7817C1E766DAE00AF4411 /* Assets.xcassets */; };
		BCE781801E766DAE00AF4411 /* LaunchScreen.storyboard in Resources */ = {isa = PBXBuildFile; fileRef = BCE7817E1E766DAE00AF4411 /* LaunchScreen.storyboard */; };
		BCE7818B1E766DAF00AF4411 /* ZDWebViewControllerDemoTests.m in Sources */ = {isa = PBXBuildFile; fileRef = BCE7818A1E766DAF00AF4411 /* ZDWebViewControllerDemoTests.m */; };
		BCE781961E766DAF00AF4411 /* ZDWebViewControllerDemoUITests.m in Sources */ = {isa = PBXBuildFile; fileRef = BCE781951E766DAF00AF4411 /* ZDWebViewControllerDemoUITests.m */; };
/* End PBXBuildFile section */

/* Begin PBXContainerItemProxy section */
		BCE781871E766DAF00AF4411 /* PBXContainerItemProxy */ = {
			isa = PBXContainerItemProxy;
			containerPortal = BCE781651E766DAE00AF4411 /* Project object */;
			proxyType = 1;
			remoteGlobalIDString = BCE7816C1E766DAE00AF4411;
			remoteInfo = ZDWebViewControllerDemo;
		};
		BCE781921E766DAF00AF4411 /* PBXContainerItemProxy */ = {
			isa = PBXContainerItemProxy;
			containerPortal = BCE781651E766DAE00AF4411 /* Project object */;
			proxyType = 1;
			remoteGlobalIDString = BCE7816C1E766DAE00AF4411;
			remoteInfo = ZDWebViewControllerDemo;
		};
/* End PBXContainerItemProxy section */

/* Begin PBXFileReference section */
		0462BA4482C676D67AAB3806 /* Pods-ZDWebViewControllerDemo.debug.xcconfig */ = {isa = PBXFileReference; includeInIndex = 1; lastKnownFileType = text.xcconfig; name = "Pods-ZDWebViewControllerDemo.debug.xcconfig"; path = "Pods/Target Support Files/Pods-ZDWebViewControllerDemo/Pods-ZDWebViewControllerDemo.debug.xcconfig"; sourceTree = "<group>"; };
		0C3F920D20CA3BE6E835379A /* libPods-ZDWebViewControllerDemoUITests.a */ = {isa = PBXFileReference; explicitFileType = archive.ar; includeInIndex = 0; path = "libPods-ZDWebViewControllerDemoUITests.a"; sourceTree = BUILT_PRODUCTS_DIR; };
		13B9E19D76656E772F499D1A /* libPods-ZDWebViewControllerDemo.a */ = {isa = PBXFileReference; explicitFileType = archive.ar; includeInIndex = 0; path = "libPods-ZDWebViewControllerDemo.a"; sourceTree = BUILT_PRODUCTS_DIR; };
		219F2C697A38C7C141EB8229 /* Pods-ZDWebViewControllerDemoTests.debug.xcconfig */ = {isa = PBXFileReference; includeInIndex = 1; lastKnownFileType = text.xcconfig; name = "Pods-ZDWebViewControllerDemoTests.debug.xcconfig"; path = "Pods/Target Support Files/Pods-ZDWebViewControllerDemoTests/Pods-ZDWebViewControllerDemoTests.debug.xcconfig"; sourceTree = "<group>"; };
		A4629CF855FB5CFD86F2A874 /* Pods-ZDWebViewControllerDemoTests.release.xcconfig */ = {isa = PBXFileReference; includeInIndex = 1; lastKnownFileType = text.xcconfig; name = "Pods-ZDWebViewControllerDemoTests.release.xcconfig"; path = "Pods/Target Support Files/Pods-ZDWebViewControllerDemoTests/Pods-ZDWebViewControllerDemoTests.release.xcconfig"; sourceTree = "<group>"; };
		BC25EAB01E7B9A210019E539 /* ZDWebViewController.podspec */ = {isa = PBXFileReference; fileEncoding = 4; lastKnownFileType = text; name = ZDWebViewController.podspec; path = ../ZDWebViewController.podspec; sourceTree = "<group>"; };
		BCE7816D1E766DAE00AF4411 /* ZDWebViewControllerDemo.app */ = {isa = PBXFileReference; explicitFileType = wrapper.application; includeInIndex = 0; path = ZDWebViewControllerDemo.app; sourceTree = BUILT_PRODUCTS_DIR; };
		BCE781711E766DAE00AF4411 /* main.m */ = {isa = PBXFileReference; lastKnownFileType = sourcecode.c.objc; path = main.m; sourceTree = "<group>"; };
		BCE781731E766DAE00AF4411 /* AppDelegate.h */ = {isa = PBXFileReference; lastKnownFileType = sourcecode.c.h; path = AppDelegate.h; sourceTree = "<group>"; };
		BCE781741E766DAE00AF4411 /* AppDelegate.m */ = {isa = PBXFileReference; lastKnownFileType = sourcecode.c.objc; path = AppDelegate.m; sourceTree = "<group>"; };
		BCE781761E766DAE00AF4411 /* ViewController.h */ = {isa = PBXFileReference; lastKnownFileType = sourcecode.c.h; path = ViewController.h; sourceTree = "<group>"; };
		BCE781771E766DAE00AF4411 /* ViewController.m */ = {isa = PBXFileReference; lastKnownFileType = sourcecode.c.objc; path = ViewController.m; sourceTree = "<group>"; };
		BCE7817A1E766DAE00AF4411 /* Base */ = {isa = PBXFileReference; lastKnownFileType = file.storyboard; name = Base; path = Base.lproj/Main.storyboard; sourceTree = "<group>"; };
		BCE7817C1E766DAE00AF4411 /* Assets.xcassets */ = {isa = PBXFileReference; lastKnownFileType = folder.assetcatalog; path = Assets.xcassets; sourceTree = "<group>"; };
		BCE7817F1E766DAE00AF4411 /* Base */ = {isa = PBXFileReference; lastKnownFileType = file.storyboard; name = Base; path = Base.lproj/LaunchScreen.storyboard; sourceTree = "<group>"; };
		BCE781811E766DAE00AF4411 /* Info.plist */ = {isa = PBXFileReference; lastKnownFileType = text.plist.xml; path = Info.plist; sourceTree = "<group>"; };
		BCE781861E766DAF00AF4411 /* ZDWebViewControllerDemoTests.xctest */ = {isa = PBXFileReference; explicitFileType = wrapper.cfbundle; includeInIndex = 0; path = ZDWebViewControllerDemoTests.xctest; sourceTree = BUILT_PRODUCTS_DIR; };
		BCE7818A1E766DAF00AF4411 /* ZDWebViewControllerDemoTests.m */ = {isa = PBXFileReference; lastKnownFileType = sourcecode.c.objc; path = ZDWebViewControllerDemoTests.m; sourceTree = "<group>"; };
		BCE7818C1E766DAF00AF4411 /* Info.plist */ = {isa = PBXFileReference; lastKnownFileType = text.plist.xml; path = Info.plist; sourceTree = "<group>"; };
		BCE781911E766DAF00AF4411 /* ZDWebViewControllerDemoUITests.xctest */ = {isa = PBXFileReference; explicitFileType = wrapper.cfbundle; includeInIndex = 0; path = ZDWebViewControllerDemoUITests.xctest; sourceTree = BUILT_PRODUCTS_DIR; };
		BCE781951E766DAF00AF4411 /* ZDWebViewControllerDemoUITests.m */ = {isa = PBXFileReference; lastKnownFileType = sourcecode.c.objc; path = ZDWebViewControllerDemoUITests.m; sourceTree = "<group>"; };
		BCE781971E766DAF00AF4411 /* Info.plist */ = {isa = PBXFileReference; lastKnownFileType = text.plist.xml; path = Info.plist; sourceTree = "<group>"; };
		DF629EC2166162641C701B96 /* Pods-ZDWebViewControllerDemoUITests.release.xcconfig */ = {isa = PBXFileReference; includeInIndex = 1; lastKnownFileType = text.xcconfig; name = "Pods-ZDWebViewControllerDemoUITests.release.xcconfig"; path = "Pods/Target Support Files/Pods-ZDWebViewControllerDemoUITests/Pods-ZDWebViewControllerDemoUITests.release.xcconfig"; sourceTree = "<group>"; };
		E2AD636B34444B02B8BB5AF8 /* Pods-ZDWebViewControllerDemo.release.xcconfig */ = {isa = PBXFileReference; includeInIndex = 1; lastKnownFileType = text.xcconfig; name = "Pods-ZDWebViewControllerDemo.release.xcconfig"; path = "Pods/Target Support Files/Pods-ZDWebViewControllerDemo/Pods-ZDWebViewControllerDemo.release.xcconfig"; sourceTree = "<group>"; };
		E7557DD1D33D240C0717B743 /* libPods-ZDWebViewControllerDemoTests.a */ = {isa = PBXFileReference; explicitFileType = archive.ar; includeInIndex = 0; path = "libPods-ZDWebViewControllerDemoTests.a"; sourceTree = BUILT_PRODUCTS_DIR; };
		EC30E77628AB86CA0ACB314C /* Pods-ZDWebViewControllerDemoUITests.debug.xcconfig */ = {isa = PBXFileReference; includeInIndex = 1; lastKnownFileType = text.xcconfig; name = "Pods-ZDWebViewControllerDemoUITests.debug.xcconfig"; path = "Pods/Target Support Files/Pods-ZDWebViewControllerDemoUITests/Pods-ZDWebViewControllerDemoUITests.debug.xcconfig"; sourceTree = "<group>"; };
/* End PBXFileReference section */

/* Begin PBXFrameworksBuildPhase section */
		BCE7816A1E766DAE00AF4411 /* Frameworks */ = {
			isa = PBXFrameworksBuildPhase;
			buildActionMask = 2147483647;
			files = (
				0A72235A15DE28C04634429A /* libPods-ZDWebViewControllerDemo.a in Frameworks */,
			);
			runOnlyForDeploymentPostprocessing = 0;
		};
		BCE781831E766DAF00AF4411 /* Frameworks */ = {
			isa = PBXFrameworksBuildPhase;
			buildActionMask = 2147483647;
			files = (
				9C4292296B1C5CA71BB179CE /* libPods-ZDWebViewControllerDemoTests.a in Frameworks */,
			);
			runOnlyForDeploymentPostprocessing = 0;
		};
		BCE7818E1E766DAF00AF4411 /* Frameworks */ = {
			isa = PBXFrameworksBuildPhase;
			buildActionMask = 2147483647;
			files = (
				7DABE4B7CE7F405A72890AB2 /* libPods-ZDWebViewControllerDemoUITests.a in Frameworks */,
			);
			runOnlyForDeploymentPostprocessing = 0;
		};
/* End PBXFrameworksBuildPhase section */

/* Begin PBXGroup section */
		8EC4FB9503E6A23915379078 /* Pods */ = {
			isa = PBXGroup;
			children = (
				0462BA4482C676D67AAB3806 /* Pods-ZDWebViewControllerDemo.debug.xcconfig */,
				E2AD636B34444B02B8BB5AF8 /* Pods-ZDWebViewControllerDemo.release.xcconfig */,
				219F2C697A38C7C141EB8229 /* Pods-ZDWebViewControllerDemoTests.debug.xcconfig */,
				A4629CF855FB5CFD86F2A874 /* Pods-ZDWebViewControllerDemoTests.release.xcconfig */,
				EC30E77628AB86CA0ACB314C /* Pods-ZDWebViewControllerDemoUITests.debug.xcconfig */,
				DF629EC2166162641C701B96 /* Pods-ZDWebViewControllerDemoUITests.release.xcconfig */,
			);
			name = Pods;
			sourceTree = "<group>";
		};
		9C4AA357D985FF2D75E8D505 /* Frameworks */ = {
			isa = PBXGroup;
			children = (
				13B9E19D76656E772F499D1A /* libPods-ZDWebViewControllerDemo.a */,
				E7557DD1D33D240C0717B743 /* libPods-ZDWebViewControllerDemoTests.a */,
				0C3F920D20CA3BE6E835379A /* libPods-ZDWebViewControllerDemoUITests.a */,
			);
			name = Frameworks;
			sourceTree = "<group>";
		};
		BCE781641E766DAE00AF4411 = {
			isa = PBXGroup;
			children = (
				BC25EAB01E7B9A210019E539 /* ZDWebViewController.podspec */,
				BCE7816F1E766DAE00AF4411 /* ZDWebViewControllerDemo */,
				BCE781891E766DAF00AF4411 /* ZDWebViewControllerDemoTests */,
				BCE781941E766DAF00AF4411 /* ZDWebViewControllerDemoUITests */,
				BCE7816E1E766DAE00AF4411 /* Products */,
				8EC4FB9503E6A23915379078 /* Pods */,
				9C4AA357D985FF2D75E8D505 /* Frameworks */,
			);
			sourceTree = "<group>";
		};
		BCE7816E1E766DAE00AF4411 /* Products */ = {
			isa = PBXGroup;
			children = (
				BCE7816D1E766DAE00AF4411 /* ZDWebViewControllerDemo.app */,
				BCE781861E766DAF00AF4411 /* ZDWebViewControllerDemoTests.xctest */,
				BCE781911E766DAF00AF4411 /* ZDWebViewControllerDemoUITests.xctest */,
			);
			name = Products;
			sourceTree = "<group>";
		};
		BCE7816F1E766DAE00AF4411 /* ZDWebViewControllerDemo */ = {
			isa = PBXGroup;
			children = (
				BCE781731E766DAE00AF4411 /* AppDelegate.h */,
				BCE781741E766DAE00AF4411 /* AppDelegate.m */,
				BCE781761E766DAE00AF4411 /* ViewController.h */,
				BCE781771E766DAE00AF4411 /* ViewController.m */,
				BCE781791E766DAE00AF4411 /* Main.storyboard */,
				BCE7817C1E766DAE00AF4411 /* Assets.xcassets */,
				BCE7817E1E766DAE00AF4411 /* LaunchScreen.storyboard */,
				BCE781811E766DAE00AF4411 /* Info.plist */,
				BCE781701E766DAE00AF4411 /* Supporting Files */,
			);
			path = ZDWebViewControllerDemo;
			sourceTree = "<group>";
		};
		BCE781701E766DAE00AF4411 /* Supporting Files */ = {
			isa = PBXGroup;
			children = (
				BCE781711E766DAE00AF4411 /* main.m */,
			);
			name = "Supporting Files";
			sourceTree = "<group>";
		};
		BCE781891E766DAF00AF4411 /* ZDWebViewControllerDemoTests */ = {
			isa = PBXGroup;
			children = (
				BCE7818A1E766DAF00AF4411 /* ZDWebViewControllerDemoTests.m */,
				BCE7818C1E766DAF00AF4411 /* Info.plist */,
			);
			path = ZDWebViewControllerDemoTests;
			sourceTree = "<group>";
		};
		BCE781941E766DAF00AF4411 /* ZDWebViewControllerDemoUITests */ = {
			isa = PBXGroup;
			children = (
				BCE781951E766DAF00AF4411 /* ZDWebViewControllerDemoUITests.m */,
				BCE781971E766DAF00AF4411 /* Info.plist */,
			);
			path = ZDWebViewControllerDemoUITests;
			sourceTree = "<group>";
		};
/* End PBXGroup section */

/* Begin PBXNativeTarget section */
		BCE7816C1E766DAE00AF4411 /* ZDWebViewControllerDemo */ = {
			isa = PBXNativeTarget;
			buildConfigurationList = BCE7819A1E766DAF00AF4411 /* Build configuration list for PBXNativeTarget "ZDWebViewControllerDemo" */;
			buildPhases = (
				5CFC6B6DAE7690B199587A66 /* [CP] Check Pods Manifest.lock */,
				BCE781691E766DAE00AF4411 /* Sources */,
				BCE7816A1E766DAE00AF4411 /* Frameworks */,
				BCE7816B1E766DAE00AF4411 /* Resources */,
			);
			buildRules = (
			);
			dependencies = (
			);
			name = ZDWebViewControllerDemo;
			productName = ZDWebViewControllerDemo;
			productReference = BCE7816D1E766DAE00AF4411 /* ZDWebViewControllerDemo.app */;
			productType = "com.apple.product-type.application";
		};
		BCE781851E766DAF00AF4411 /* ZDWebViewControllerDemoTests */ = {
			isa = PBXNativeTarget;
			buildConfigurationList = BCE7819D1E766DAF00AF4411 /* Build configuration list for PBXNativeTarget "ZDWebViewControllerDemoTests" */;
			buildPhases = (
				942DDB220CF41F2838DB9430 /* [CP] Check Pods Manifest.lock */,
				BCE781821E766DAF00AF4411 /* Sources */,
				BCE781831E766DAF00AF4411 /* Frameworks */,
				BCE781841E766DAF00AF4411 /* Resources */,
			);
			buildRules = (
			);
			dependencies = (
				BCE781881E766DAF00AF4411 /* PBXTargetDependency */,
			);
			name = ZDWebViewControllerDemoTests;
			productName = ZDWebViewControllerDemoTests;
			productReference = BCE781861E766DAF00AF4411 /* ZDWebViewControllerDemoTests.xctest */;
			productType = "com.apple.product-type.bundle.unit-test";
		};
		BCE781901E766DAF00AF4411 /* ZDWebViewControllerDemoUITests */ = {
			isa = PBXNativeTarget;
			buildConfigurationList = BCE781A01E766DAF00AF4411 /* Build configuration list for PBXNativeTarget "ZDWebViewControllerDemoUITests" */;
			buildPhases = (
				34465962E8D847A8D6D4A1F2 /* [CP] Check Pods Manifest.lock */,
				BCE7818D1E766DAF00AF4411 /* Sources */,
				BCE7818E1E766DAF00AF4411 /* Frameworks */,
				BCE7818F1E766DAF00AF4411 /* Resources */,
			);
			buildRules = (
			);
			dependencies = (
				BCE781931E766DAF00AF4411 /* PBXTargetDependency */,
			);
			name = ZDWebViewControllerDemoUITests;
			productName = ZDWebViewControllerDemoUITests;
			productReference = BCE781911E766DAF00AF4411 /* ZDWebViewControllerDemoUITests.xctest */;
			productType = "com.apple.product-type.bundle.ui-testing";
		};
/* End PBXNativeTarget section */

/* Begin PBXProject section */
		BCE781651E766DAE00AF4411 /* Project object */ = {
			isa = PBXProject;
			attributes = {
				LastUpgradeCheck = 0930;
				ORGANIZATIONNAME = Zero.D.Saber;
				TargetAttributes = {
					BCE7816C1E766DAE00AF4411 = {
						CreatedOnToolsVersion = 8.2.1;
						ProvisioningStyle = Automatic;
					};
					BCE781851E766DAF00AF4411 = {
						CreatedOnToolsVersion = 8.2.1;
						ProvisioningStyle = Automatic;
						TestTargetID = BCE7816C1E766DAE00AF4411;
					};
					BCE781901E766DAF00AF4411 = {
						CreatedOnToolsVersion = 8.2.1;
						ProvisioningStyle = Automatic;
						TestTargetID = BCE7816C1E766DAE00AF4411;
					};
				};
			};
			buildConfigurationList = BCE781681E766DAE00AF4411 /* Build configuration list for PBXProject "ZDWebViewControllerDemo" */;
			compatibilityVersion = "Xcode 3.2";
			developmentRegion = English;
			hasScannedForEncodings = 0;
			knownRegions = (
				en,
				Base,
			);
			mainGroup = BCE781641E766DAE00AF4411;
			productRefGroup = BCE7816E1E766DAE00AF4411 /* Products */;
			projectDirPath = "";
			projectRoot = "";
			targets = (
				BCE7816C1E766DAE00AF4411 /* ZDWebViewControllerDemo */,
				BCE781851E766DAF00AF4411 /* ZDWebViewControllerDemoTests */,
				BCE781901E766DAF00AF4411 /* ZDWebViewControllerDemoUITests */,
			);
		};
/* End PBXProject section */

/* Begin PBXResourcesBuildPhase section */
		BCE7816B1E766DAE00AF4411 /* Resources */ = {
			isa = PBXResourcesBuildPhase;
			buildActionMask = 2147483647;
			files = (
				BCE781801E766DAE00AF4411 /* LaunchScreen.storyboard in Resources */,
				BCE7817D1E766DAE00AF4411 /* Assets.xcassets in Resources */,
				BC25EAB11E7B9A210019E539 /* ZDWebViewController.podspec in Resources */,
				BCE7817B1E766DAE00AF4411 /* Main.storyboard in Resources */,
			);
			runOnlyForDeploymentPostprocessing = 0;
		};
		BCE781841E766DAF00AF4411 /* Resources */ = {
			isa = PBXResourcesBuildPhase;
			buildActionMask = 2147483647;
			files = (
			);
			runOnlyForDeploymentPostprocessing = 0;
		};
		BCE7818F1E766DAF00AF4411 /* Resources */ = {
			isa = PBXResourcesBuildPhase;
			buildActionMask = 2147483647;
			files = (
			);
			runOnlyForDeploymentPostprocessing = 0;
		};
/* End PBXResourcesBuildPhase section */

/* Begin PBXShellScriptBuildPhase section */
		34465962E8D847A8D6D4A1F2 /* [CP] Check Pods Manifest.lock */ = {
			isa = PBXShellScriptBuildPhase;
			buildActionMask = 2147483647;
			files = (
			);
			inputPaths = (
				"${PODS_PODFILE_DIR_PATH}/Podfile.lock",
				"${PODS_ROOT}/Manifest.lock",
			);
			name = "[CP] Check Pods Manifest.lock";
			outputPaths = (
				"$(DERIVED_FILE_DIR)/Pods-ZDWebViewControllerDemoUITests-checkManifestLockResult.txt",
			);
			runOnlyForDeploymentPostprocessing = 0;
			shellPath = /bin/sh;
			shellScript = "diff \"${PODS_PODFILE_DIR_PATH}/Podfile.lock\" \"${PODS_ROOT}/Manifest.lock\" > /dev/null\nif [ $? != 0 ] ; then\n    # print error to STDERR\n    echo \"error: The sandbox is not in sync with the Podfile.lock. Run 'pod install' or update your CocoaPods installation.\" >&2\n    exit 1\nfi\n# This output is used by Xcode 'outputs' to avoid re-running this script phase.\necho \"SUCCESS\" > \"${SCRIPT_OUTPUT_FILE_0}\"\n";
			showEnvVarsInLog = 0;
		};
		5CFC6B6DAE7690B199587A66 /* [CP] Check Pods Manifest.lock */ = {
			isa = PBXShellScriptBuildPhase;
			buildActionMask = 2147483647;
			files = (
			);
			inputPaths = (
				"${PODS_PODFILE_DIR_PATH}/Podfile.lock",
				"${PODS_ROOT}/Manifest.lock",
			);
			name = "[CP] Check Pods Manifest.lock";
			outputPaths = (
				"$(DERIVED_FILE_DIR)/Pods-ZDWebViewControllerDemo-checkManifestLockResult.txt",
			);
			runOnlyForDeploymentPostprocessing = 0;
			shellPath = /bin/sh;
			shellScript = "diff \"${PODS_PODFILE_DIR_PATH}/Podfile.lock\" \"${PODS_ROOT}/Manifest.lock\" > /dev/null\nif [ $? != 0 ] ; then\n    # print error to STDERR\n    echo \"error: The sandbox is not in sync with the Podfile.lock. Run 'pod install' or update your CocoaPods installation.\" >&2\n    exit 1\nfi\n# This output is used by Xcode 'outputs' to avoid re-running this script phase.\necho \"SUCCESS\" > \"${SCRIPT_OUTPUT_FILE_0}\"\n";
			showEnvVarsInLog = 0;
		};
		942DDB220CF41F2838DB9430 /* [CP] Check Pods Manifest.lock */ = {
			isa = PBXShellScriptBuildPhase;
			buildActionMask = 2147483647;
			files = (
			);
			inputPaths = (
				"${PODS_PODFILE_DIR_PATH}/Podfile.lock",
				"${PODS_ROOT}/Manifest.lock",
			);
			name = "[CP] Check Pods Manifest.lock";
			outputPaths = (
				"$(DERIVED_FILE_DIR)/Pods-ZDWebViewControllerDemoTests-checkManifestLockResult.txt",
			);
			runOnlyForDeploymentPostprocessing = 0;
			shellPath = /bin/sh;
			shellScript = "diff \"${PODS_PODFILE_DIR_PATH}/Podfile.lock\" \"${PODS_ROOT}/Manifest.lock\" > /dev/null\nif [ $? != 0 ] ; then\n    # print error to STDERR\n    echo \"error: The sandbox is not in sync with the Podfile.lock. Run 'pod install' or update your CocoaPods installation.\" >&2\n    exit 1\nfi\n# This output is used by Xcode 'outputs' to avoid re-running this script phase.\necho \"SUCCESS\" > \"${SCRIPT_OUTPUT_FILE_0}\"\n";
			showEnvVarsInLog = 0;
		};
/* End PBXShellScriptBuildPhase section */

/* Begin PBXSourcesBuildPhase section */
		BCE781691E766DAE00AF4411 /* Sources */ = {
			isa = PBXSourcesBuildPhase;
			buildActionMask = 2147483647;
			files = (
				BCE781781E766DAE00AF4411 /* ViewController.m in Sources */,
				BCE781751E766DAE00AF4411 /* AppDelegate.m in Sources */,
				BCE781721E766DAE00AF4411 /* main.m in Sources */,
			);
			runOnlyForDeploymentPostprocessing = 0;
		};
		BCE781821E766DAF00AF4411 /* Sources */ = {
			isa = PBXSourcesBuildPhase;
			buildActionMask = 2147483647;
			files = (
				BCE7818B1E766DAF00AF4411 /* ZDWebViewControllerDemoTests.m in Sources */,
			);
			runOnlyForDeploymentPostprocessing = 0;
		};
		BCE7818D1E766DAF00AF4411 /* Sources */ = {
			isa = PBXSourcesBuildPhase;
			buildActionMask = 2147483647;
			files = (
				BCE781961E766DAF00AF4411 /* ZDWebViewControllerDemoUITests.m in Sources */,
			);
			runOnlyForDeploymentPostprocessing = 0;
		};
/* End PBXSourcesBuildPhase section */

/* Begin PBXTargetDependency section */
		BCE781881E766DAF00AF4411 /* PBXTargetDependency */ = {
			isa = PBXTargetDependency;
			target = BCE7816C1E766DAE00AF4411 /* ZDWebViewControllerDemo */;
			targetProxy = BCE781871E766DAF00AF4411 /* PBXContainerItemProxy */;
		};
		BCE781931E766DAF00AF4411 /* PBXTargetDependency */ = {
			isa = PBXTargetDependency;
			target = BCE7816C1E766DAE00AF4411 /* ZDWebViewControllerDemo */;
			targetProxy = BCE781921E766DAF00AF4411 /* PBXContainerItemProxy */;
		};
/* End PBXTargetDependency section */

/* Begin PBXVariantGroup section */
		BCE781791E766DAE00AF4411 /* Main.storyboard */ = {
			isa = PBXVariantGroup;
			children = (
				BCE7817A1E766DAE00AF4411 /* Base */,
			);
			name = Main.storyboard;
			sourceTree = "<group>";
		};
		BCE7817E1E766DAE00AF4411 /* LaunchScreen.storyboard */ = {
			isa = PBXVariantGroup;
			children = (
				BCE7817F1E766DAE00AF4411 /* Base */,
			);
			name = LaunchScreen.storyboard;
			sourceTree = "<group>";
		};
/* End PBXVariantGroup section */

/* Begin XCBuildConfiguration section */
		BCE781981E766DAF00AF4411 /* Debug */ = {
			isa = XCBuildConfiguration;
			buildSettings = {
				ALWAYS_SEARCH_USER_PATHS = NO;
				CLANG_ANALYZER_NONNULL = YES;
				CLANG_CXX_LANGUAGE_STANDARD = "gnu++0x";
				CLANG_CXX_LIBRARY = "libc++";
				CLANG_ENABLE_MODULES = YES;
				CLANG_ENABLE_OBJC_ARC = YES;
				CLANG_WARN_BLOCK_CAPTURE_AUTORELEASING = YES;
				CLANG_WARN_BOOL_CONVERSION = YES;
				CLANG_WARN_COMMA = YES;
				CLANG_WARN_CONSTANT_CONVERSION = YES;
				CLANG_WARN_DEPRECATED_OBJC_IMPLEMENTATIONS = YES;
				CLANG_WARN_DIRECT_OBJC_ISA_USAGE = YES_ERROR;
				CLANG_WARN_DOCUMENTATION_COMMENTS = YES;
				CLANG_WARN_EMPTY_BODY = YES;
				CLANG_WARN_ENUM_CONVERSION = YES;
				CLANG_WARN_INFINITE_RECURSION = YES;
				CLANG_WARN_INT_CONVERSION = YES;
				CLANG_WARN_NON_LITERAL_NULL_CONVERSION = YES;
				CLANG_WARN_OBJC_IMPLICIT_RETAIN_SELF = YES;
				CLANG_WARN_OBJC_LITERAL_CONVERSION = YES;
				CLANG_WARN_OBJC_ROOT_CLASS = YES_ERROR;
				CLANG_WARN_RANGE_LOOP_ANALYSIS = YES;
				CLANG_WARN_STRICT_PROTOTYPES = YES;
				CLANG_WARN_SUSPICIOUS_MOVE = YES;
				CLANG_WARN_UNREACHABLE_CODE = YES;
				CLANG_WARN__DUPLICATE_METHOD_MATCH = YES;
				"CODE_SIGN_IDENTITY[sdk=iphoneos*]" = "iPhone Developer";
				COPY_PHASE_STRIP = NO;
				DEBUG_INFORMATION_FORMAT = dwarf;
				ENABLE_STRICT_OBJC_MSGSEND = YES;
				ENABLE_TESTABILITY = YES;
				GCC_C_LANGUAGE_STANDARD = gnu99;
				GCC_DYNAMIC_NO_PIC = NO;
				GCC_NO_COMMON_BLOCKS = YES;
				GCC_OPTIMIZATION_LEVEL = 0;
				GCC_PREPROCESSOR_DEFINITIONS = (
					"DEBUG=1",
					"$(inherited)",
				);
				GCC_WARN_64_TO_32_BIT_CONVERSION = YES;
				GCC_WARN_ABOUT_RETURN_TYPE = YES_ERROR;
				GCC_WARN_UNDECLARED_SELECTOR = YES;
				GCC_WARN_UNINITIALIZED_AUTOS = YES_AGGRESSIVE;
				GCC_WARN_UNUSED_FUNCTION = YES;
				GCC_WARN_UNUSED_VARIABLE = YES;
				IPHONEOS_DEPLOYMENT_TARGET = 10.2;
				MTL_ENABLE_DEBUG_INFO = YES;
				ONLY_ACTIVE_ARCH = YES;
				SDKROOT = iphoneos;
				TARGETED_DEVICE_FAMILY = "1,2";
			};
			name = Debug;
		};
		BCE781991E766DAF00AF4411 /* Release */ = {
			isa = XCBuildConfiguration;
			buildSettings = {
				ALWAYS_SEARCH_USER_PATHS = NO;
				CLANG_ANALYZER_NONNULL = YES;
				CLANG_CXX_LANGUAGE_STANDARD = "gnu++0x";
				CLANG_CXX_LIBRARY = "libc++";
				CLANG_ENABLE_MODULES = YES;
				CLANG_ENABLE_OBJC_ARC = YES;
				CLANG_WARN_BLOCK_CAPTURE_AUTORELEASING = YES;
				CLANG_WARN_BOOL_CONVERSION = YES;
				CLANG_WARN_COMMA = YES;
				CLANG_WARN_CONSTANT_CONVERSION = YES;
				CLANG_WARN_DEPRECATED_OBJC_IMPLEMENTATIONS = YES;
				CLANG_WARN_DIRECT_OBJC_ISA_USAGE = YES_ERROR;
				CLANG_WARN_DOCUMENTATION_COMMENTS = YES;
				CLANG_WARN_EMPTY_BODY = YES;
				CLANG_WARN_ENUM_CONVERSION = YES;
				CLANG_WARN_INFINITE_RECURSION = YES;
				CLANG_WARN_INT_CONVERSION = YES;
				CLANG_WARN_NON_LITERAL_NULL_CONVERSION = YES;
				CLANG_WARN_OBJC_IMPLICIT_RETAIN_SELF = YES;
				CLANG_WARN_OBJC_LITERAL_CONVERSION = YES;
				CLANG_WARN_OBJC_ROOT_CLASS = YES_ERROR;
				CLANG_WARN_RANGE_LOOP_ANALYSIS = YES;
				CLANG_WARN_STRICT_PROTOTYPES = YES;
				CLANG_WARN_SUSPICIOUS_MOVE = YES;
				CLANG_WARN_UNREACHABLE_CODE = YES;
				CLANG_WARN__DUPLICATE_METHOD_MATCH = YES;
				"CODE_SIGN_IDENTITY[sdk=iphoneos*]" = "iPhone Developer";
				COPY_PHASE_STRIP = NO;
				DEBUG_INFORMATION_FORMAT = "dwarf-with-dsym";
				ENABLE_NS_ASSERTIONS = NO;
				ENABLE_STRICT_OBJC_MSGSEND = YES;
				GCC_C_LANGUAGE_STANDARD = gnu99;
				GCC_NO_COMMON_BLOCKS = YES;
				GCC_WARN_64_TO_32_BIT_CONVERSION = YES;
				GCC_WARN_ABOUT_RETURN_TYPE = YES_ERROR;
				GCC_WARN_UNDECLARED_SELECTOR = YES;
				GCC_WARN_UNINITIALIZED_AUTOS = YES_AGGRESSIVE;
				GCC_WARN_UNUSED_FUNCTION = YES;
				GCC_WARN_UNUSED_VARIABLE = YES;
				IPHONEOS_DEPLOYMENT_TARGET = 10.2;
				MTL_ENABLE_DEBUG_INFO = NO;
				SDKROOT = iphoneos;
				TARGETED_DEVICE_FAMILY = "1,2";
				VALIDATE_PRODUCT = YES;
			};
			name = Release;
		};
		BCE7819B1E766DAF00AF4411 /* Debug */ = {
			isa = XCBuildConfiguration;
			baseConfigurationReference = 0462BA4482C676D67AAB3806 /* Pods-ZDWebViewControllerDemo.debug.xcconfig */;
			buildSettings = {
				ASSETCATALOG_COMPILER_APPICON_NAME = AppIcon;
				INFOPLIST_FILE = ZDWebViewControllerDemo/Info.plist;
				IPHONEOS_DEPLOYMENT_TARGET = 8.0;
				LD_RUNPATH_SEARCH_PATHS = "$(inherited) @executable_path/Frameworks";
				PRODUCT_BUNDLE_IDENTIFIER = Zero.ZDWebViewControllerDemo;
				PRODUCT_NAME = "$(TARGET_NAME)";
			};
			name = Debug;
		};
		BCE7819C1E766DAF00AF4411 /* Release */ = {
			isa = XCBuildConfiguration;
			baseConfigurationReference = E2AD636B34444B02B8BB5AF8 /* Pods-ZDWebViewControllerDemo.release.xcconfig */;
			buildSettings = {
				ASSETCATALOG_COMPILER_APPICON_NAME = AppIcon;
				INFOPLIST_FILE = ZDWebViewControllerDemo/Info.plist;
				IPHONEOS_DEPLOYMENT_TARGET = 8.0;
				LD_RUNPATH_SEARCH_PATHS = "$(inherited) @executable_path/Frameworks";
				PRODUCT_BUNDLE_IDENTIFIER = Zero.ZDWebViewControllerDemo;
				PRODUCT_NAME = "$(TARGET_NAME)";
			};
			name = Release;
		};
		BCE7819E1E766DAF00AF4411 /* Debug */ = {
			isa = XCBuildConfiguration;
			baseConfigurationReference = 219F2C697A38C7C141EB8229 /* Pods-ZDWebViewControllerDemoTests.debug.xcconfig */;
			buildSettings = {
				BUNDLE_LOADER = "$(TEST_HOST)";
				INFOPLIST_FILE = ZDWebViewControllerDemoTests/Info.plist;
				LD_RUNPATH_SEARCH_PATHS = "$(inherited) @executable_path/Frameworks @loader_path/Frameworks";
				PRODUCT_BUNDLE_IDENTIFIER = Zero.ZDWebViewControllerDemoTests;
				PRODUCT_NAME = "$(TARGET_NAME)";
				TEST_HOST = "$(BUILT_PRODUCTS_DIR)/ZDWebViewControllerDemo.app/ZDWebViewControllerDemo";
			};
			name = Debug;
		};
		BCE7819F1E766DAF00AF4411 /* Release */ = {
			isa = XCBuildConfiguration;
			baseConfigurationReference = A4629CF855FB5CFD86F2A874 /* Pods-ZDWebViewControllerDemoTests.release.xcconfig */;
			buildSettings = {
				BUNDLE_LOADER = "$(TEST_HOST)";
				INFOPLIST_FILE = ZDWebViewControllerDemoTests/Info.plist;
				LD_RUNPATH_SEARCH_PATHS = "$(inherited) @executable_path/Frameworks @loader_path/Frameworks";
				PRODUCT_BUNDLE_IDENTIFIER = Zero.ZDWebViewControllerDemoTests;
				PRODUCT_NAME = "$(TARGET_NAME)";
				TEST_HOST = "$(BUILT_PRODUCTS_DIR)/ZDWebViewControllerDemo.app/ZDWebViewControllerDemo";
			};
			name = Release;
		};
		BCE781A11E766DAF00AF4411 /* Debug */ = {
			isa = XCBuildConfiguration;
			baseConfigurationReference = EC30E77628AB86CA0ACB314C /* Pods-ZDWebViewControllerDemoUITests.debug.xcconfig */;
			buildSettings = {
				INFOPLIST_FILE = ZDWebViewControllerDemoUITests/Info.plist;
				LD_RUNPATH_SEARCH_PATHS = "$(inherited) @executable_path/Frameworks @loader_path/Frameworks";
				PRODUCT_BUNDLE_IDENTIFIER = Zero.ZDWebViewControllerDemoUITests;
				PRODUCT_NAME = "$(TARGET_NAME)";
				TEST_TARGET_NAME = ZDWebViewControllerDemo;
			};
			name = Debug;
		};
		BCE781A21E766DAF00AF4411 /* Release */ = {
			isa = XCBuildConfiguration;
			baseConfigurationReference = DF629EC2166162641C701B96 /* Pods-ZDWebViewControllerDemoUITests.release.xcconfig */;
			buildSettings = {
				INFOPLIST_FILE = ZDWebViewControllerDemoUITests/Info.plist;
				LD_RUNPATH_SEARCH_PATHS = "$(inherited) @executable_path/Frameworks @loader_path/Frameworks";
				PRODUCT_BUNDLE_IDENTIFIER = Zero.ZDWebViewControllerDemoUITests;
				PRODUCT_NAME = "$(TARGET_NAME)";
				TEST_TARGET_NAME = ZDWebViewControllerDemo;
			};
			name = Release;
		};
/* End XCBuildConfiguration section */

/* Begin XCConfigurationList section */
		BCE781681E766DAE00AF4411 /* Build configuration list for PBXProject "ZDWebViewControllerDemo" */ = {
			isa = XCConfigurationList;
			buildConfigurations = (
				BCE781981E766DAF00AF4411 /* Debug */,
				BCE781991E766DAF00AF4411 /* Release */,
			);
			defaultConfigurationIsVisible = 0;
			defaultConfigurationName = Release;
		};
		BCE7819A1E766DAF00AF4411 /* Build configuration list for PBXNativeTarget "ZDWebViewControllerDemo" */ = {
			isa = XCConfigurationList;
			buildConfigurations = (
				BCE7819B1E766DAF00AF4411 /* Debug */,
				BCE7819C1E766DAF00AF4411 /* Release */,
			);
			defaultConfigurationIsVisible = 0;
			defaultConfigurationName = Release;
		};
		BCE7819D1E766DAF00AF4411 /* Build configuration list for PBXNativeTarget "ZDWebViewControllerDemoTests" */ = {
			isa = XCConfigurationList;
			buildConfigurations = (
				BCE7819E1E766DAF00AF4411 /* Debug */,
				BCE7819F1E766DAF00AF4411 /* Release */,
			);
			defaultConfigurationIsVisible = 0;
			defaultConfigurationName = Release;
		};
		BCE781A01E766DAF00AF4411 /* Build configuration list for PBXNativeTarget "ZDWebViewControllerDemoUITests" */ = {
			isa = XCConfigurationList;
			buildConfigurations = (
				BCE781A11E766DAF00AF4411 /* Debug */,
				BCE781A21E766DAF00AF4411 /* Release */,
			);
			defaultConfigurationIsVisible = 0;
			defaultConfigurationName = Release;
		};
/* End XCConfigurationList section */
	};
	rootObject = BCE781651E766DAE00AF4411 /* Project object */;
}
